{
  "name": "reporting-poc",
  "lockfileVersion": 3,
  "requires": true,
  "packages": {
    "": {
      "dependencies": {
        "@highcharts/map-collection": "^2.3.0"
      }
    },
    "node_modules/@highcharts/map-collection": {
      "version": "2.3.0",
      "resolved": "https://registry.npmjs.org/@highcharts/map-collection/-/map-collection-2.3.0.tgz",
      "integrity": "sha512-lknEzFw9u8BA+8J7Y1cDP0N0FxZKSJgKwTn+e8vHsBH1Xj5RYNmPJeac/3Tse0JDgKfsCT43ZHG95W9xZbSTWw=="
    }
  }
}
